// !$*UTF8*$!
{
	archiveVersion = 1;
	classes = {
	};
	objectVersion = 56;
	objects = {

/* Begin PBXBuildFile section */
		C36EA0062B1AC09100F4B77D /* AppDelegate.swift in Sources */ = {isa = PBXBuildFile; fileRef = C36EA0052B1AC09100F4B77D /* AppDelegate.swift */; };
		C36EA0082B1AC09100F4B77D /* SceneDelegate.swift in Sources */ = {isa = PBXBuildFile; fileRef = C36EA0072B1AC09100F4B77D /* SceneDelegate.swift */; };
		C36EA00A2B1AC09100F4B77D /* ViewController.swift in Sources */ = {isa = PBXBuildFile; fileRef = C36EA0092B1AC09100F4B77D /* ViewController.swift */; };
		C36EA00D2B1AC09100F4B77D /* Main.storyboard in Resources */ = {isa = PBXBuildFile; fileRef = C36EA00B2B1AC09100F4B77D /* Main.storyboard */; };
		C36EA00F2B1AC09200F4B77D /* Assets.xcassets in Resources */ = {isa = PBXBuildFile; fileRef = C36EA00E2B1AC09200F4B77D /* Assets.xcassets */; };
		C36EA0122B1AC09200F4B77D /* LaunchScreen.storyboard in Resources */ = {isa = PBXBuildFile; fileRef = C36EA0102B1AC09200F4B77D /* LaunchScreen.storyboard */; };
		C36EA01D2B1AC09200F4B77D /* RickyMortyTests.swift in Sources */ = {isa = PBXBuildFile; fileRef = C36EA01C2B1AC09200F4B77D /* RickyMortyTests.swift */; };
		C36EA0272B1AC09200F4B77D /* RickyMortyUITests.swift in Sources */ = {isa = PBXBuildFile; fileRef = C36EA0262B1AC09200F4B77D /* RickyMortyUITests.swift */; };
		C36EA0292B1AC09200F4B77D /* RickyMortyUITestsLaunchTests.swift in Sources */ = {isa = PBXBuildFile; fileRef = C36EA0282B1AC09200F4B77D /* RickyMortyUITestsLaunchTests.swift */; };
		C36EA0372B1ACC0800F4B77D /* StatusCode.swift in Sources */ = {isa = PBXBuildFile; fileRef = C36EA0362B1ACC0800F4B77D /* StatusCode.swift */; };
		C36EA0462B1B983D00F4B77D /* Client.swift in Sources */ = {isa = PBXBuildFile; fileRef = C36EA0452B1B983D00F4B77D /* Client.swift */; };
		C36EA0482B1B999D00F4B77D /* RESTClient.swift in Sources */ = {isa = PBXBuildFile; fileRef = C36EA0472B1B999D00F4B77D /* RESTClient.swift */; };
/* End PBXBuildFile section */

/* Begin PBXContainerItemProxy section */
		C36EA0192B1AC09200F4B77D /* PBXContainerItemProxy */ = {
			isa = PBXContainerItemProxy;
			containerPortal = C36E9FFA2B1AC09100F4B77D /* Project object */;
			proxyType = 1;
			remoteGlobalIDString = C36EA0012B1AC09100F4B77D;
			remoteInfo = RickyMorty;
		};
		C36EA0232B1AC09200F4B77D /* PBXContainerItemProxy */ = {
			isa = PBXContainerItemProxy;
			containerPortal = C36E9FFA2B1AC09100F4B77D /* Project object */;
			proxyType = 1;
			remoteGlobalIDString = C36EA0012B1AC09100F4B77D;
			remoteInfo = RickyMorty;
		};
/* End PBXContainerItemProxy section */

/* Begin PBXFileReference section */
		C36EA0022B1AC09100F4B77D /* RickyMorty.app */ = {isa = PBXFileReference; explicitFileType = wrapper.application; includeInIndex = 0; path = RickyMorty.app; sourceTree = BUILT_PRODUCTS_DIR; };
		C36EA0052B1AC09100F4B77D /* AppDelegate.swift */ = {isa = PBXFileReference; lastKnownFileType = sourcecode.swift; path = AppDelegate.swift; sourceTree = "<group>"; };
		C36EA0072B1AC09100F4B77D /* SceneDelegate.swift */ = {isa = PBXFileReference; lastKnownFileType = sourcecode.swift; path = SceneDelegate.swift; sourceTree = "<group>"; };
		C36EA0092B1AC09100F4B77D /* ViewController.swift */ = {isa = PBXFileReference; lastKnownFileType = sourcecode.swift; path = ViewController.swift; sourceTree = "<group>"; };
		C36EA00C2B1AC09100F4B77D /* Base */ = {isa = PBXFileReference; lastKnownFileType = file.storyboard; name = Base; path = Base.lproj/Main.storyboard; sourceTree = "<group>"; };
		C36EA00E2B1AC09200F4B77D /* Assets.xcassets */ = {isa = PBXFileReference; lastKnownFileType = folder.assetcatalog; path = Assets.xcassets; sourceTree = "<group>"; };
		C36EA0112B1AC09200F4B77D /* Base */ = {isa = PBXFileReference; lastKnownFileType = file.storyboard; name = Base; path = Base.lproj/LaunchScreen.storyboard; sourceTree = "<group>"; };
		C36EA0132B1AC09200F4B77D /* Info.plist */ = {isa = PBXFileReference; lastKnownFileType = text.plist.xml; path = Info.plist; sourceTree = "<group>"; };
		C36EA0182B1AC09200F4B77D /* RickyMortyTests.xctest */ = {isa = PBXFileReference; explicitFileType = wrapper.cfbundle; includeInIndex = 0; path = RickyMortyTests.xctest; sourceTree = BUILT_PRODUCTS_DIR; };
		C36EA01C2B1AC09200F4B77D /* RickyMortyTests.swift */ = {isa = PBXFileReference; lastKnownFileType = sourcecode.swift; path = RickyMortyTests.swift; sourceTree = "<group>"; };
		C36EA0222B1AC09200F4B77D /* RickyMortyUITests.xctest */ = {isa = PBXFileReference; explicitFileType = wrapper.cfbundle; includeInIndex = 0; path = RickyMortyUITests.xctest; sourceTree = BUILT_PRODUCTS_DIR; };
		C36EA0262B1AC09200F4B77D /* RickyMortyUITests.swift */ = {isa = PBXFileReference; lastKnownFileType = sourcecode.swift; path = RickyMortyUITests.swift; sourceTree = "<group>"; };
		C36EA0282B1AC09200F4B77D /* RickyMortyUITestsLaunchTests.swift */ = {isa = PBXFileReference; lastKnownFileType = sourcecode.swift; path = RickyMortyUITestsLaunchTests.swift; sourceTree = "<group>"; };
		C36EA0362B1ACC0800F4B77D /* StatusCode.swift */ = {isa = PBXFileReference; lastKnownFileType = sourcecode.swift; path = StatusCode.swift; sourceTree = "<group>"; };
		C36EA0452B1B983D00F4B77D /* Client.swift */ = {isa = PBXFileReference; lastKnownFileType = sourcecode.swift; path = Client.swift; sourceTree = "<group>"; };
		C36EA0472B1B999D00F4B77D /* RESTClient.swift */ = {isa = PBXFileReference; lastKnownFileType = sourcecode.swift; path = RESTClient.swift; sourceTree = "<group>"; };
/* End PBXFileReference section */

/* Begin PBXFrameworksBuildPhase section */
		C36E9FFF2B1AC09100F4B77D /* Frameworks */ = {
			isa = PBXFrameworksBuildPhase;
			buildActionMask = 2147483647;
			files = (
			);
			runOnlyForDeploymentPostprocessing = 0;
		};
		C36EA0152B1AC09200F4B77D /* Frameworks */ = {
			isa = PBXFrameworksBuildPhase;
			buildActionMask = 2147483647;
			files = (
			);
			runOnlyForDeploymentPostprocessing = 0;
		};
		C36EA01F2B1AC09200F4B77D /* Frameworks */ = {
			isa = PBXFrameworksBuildPhase;
			buildActionMask = 2147483647;
			files = (
			);
			runOnlyForDeploymentPostprocessing = 0;
		};
/* End PBXFrameworksBuildPhase section */

/* Begin PBXGroup section */
		C36E9FF92B1AC09100F4B77D = {
			isa = PBXGroup;
			children = (
				C36EA0042B1AC09100F4B77D /* RickyMorty */,
				C36EA01B2B1AC09200F4B77D /* RickyMortyTests */,
				C36EA0252B1AC09200F4B77D /* RickyMortyUITests */,
				C36EA0032B1AC09100F4B77D /* Products */,
			);
			sourceTree = "<group>";
		};
		C36EA0032B1AC09100F4B77D /* Products */ = {
			isa = PBXGroup;
			children = (
				C36EA0022B1AC09100F4B77D /* RickyMorty.app */,
				C36EA0182B1AC09200F4B77D /* RickyMortyTests.xctest */,
				C36EA0222B1AC09200F4B77D /* RickyMortyUITests.xctest */,
			);
			name = Products;
			sourceTree = "<group>";
		};
		C36EA0042B1AC09100F4B77D /* RickyMorty */ = {
			isa = PBXGroup;
			children = (
				C36EA0352B1ACBEE00F4B77D /* Network */,
				C36EA0052B1AC09100F4B77D /* AppDelegate.swift */,
				C36EA0072B1AC09100F4B77D /* SceneDelegate.swift */,
				C36EA0092B1AC09100F4B77D /* ViewController.swift */,
				C36EA00B2B1AC09100F4B77D /* Main.storyboard */,
				C36EA00E2B1AC09200F4B77D /* Assets.xcassets */,
				C36EA0102B1AC09200F4B77D /* LaunchScreen.storyboard */,
				C36EA0132B1AC09200F4B77D /* Info.plist */,
			);
			path = RickyMorty;
			sourceTree = "<group>";
		};
		C36EA01B2B1AC09200F4B77D /* RickyMortyTests */ = {
			isa = PBXGroup;
			children = (
				C36EA01C2B1AC09200F4B77D /* RickyMortyTests.swift */,
			);
			path = RickyMortyTests;
			sourceTree = "<group>";
		};
		C36EA0252B1AC09200F4B77D /* RickyMortyUITests */ = {
			isa = PBXGroup;
			children = (
				C36EA0262B1AC09200F4B77D /* RickyMortyUITests.swift */,
				C36EA0282B1AC09200F4B77D /* RickyMortyUITestsLaunchTests.swift */,
			);
			path = RickyMortyUITests;
			sourceTree = "<group>";
		};
		C36EA0352B1ACBEE00F4B77D /* Network */ = {
			isa = PBXGroup;
			children = (
				C36EA0362B1ACC0800F4B77D /* StatusCode.swift */,
				C36EA0452B1B983D00F4B77D /* Client.swift */,
				C36EA0472B1B999D00F4B77D /* RESTClient.swift */,
			);
			path = Network;
			sourceTree = "<group>";
		};
/* End PBXGroup section */

/* Begin PBXNativeTarget section */
		C36EA0012B1AC09100F4B77D /* RickyMorty */ = {
			isa = PBXNativeTarget;
			buildConfigurationList = C36EA02C2B1AC09200F4B77D /* Build configuration list for PBXNativeTarget "RickyMorty" */;
			buildPhases = (
				C36E9FFE2B1AC09100F4B77D /* Sources */,
				C36E9FFF2B1AC09100F4B77D /* Frameworks */,
				C36EA0002B1AC09100F4B77D /* Resources */,
			);
			buildRules = (
			);
			dependencies = (
			);
			name = RickyMorty;
			productName = RickyMorty;
			productReference = C36EA0022B1AC09100F4B77D /* RickyMorty.app */;
			productType = "com.apple.product-type.application";
		};
		C36EA0172B1AC09200F4B77D /* RickyMortyTests */ = {
			isa = PBXNativeTarget;
			buildConfigurationList = C36EA02F2B1AC09200F4B77D /* Build configuration list for PBXNativeTarget "RickyMortyTests" */;
			buildPhases = (
				C36EA0142B1AC09200F4B77D /* Sources */,
				C36EA0152B1AC09200F4B77D /* Frameworks */,
				C36EA0162B1AC09200F4B77D /* Resources */,
			);
			buildRules = (
			);
			dependencies = (
				C36EA01A2B1AC09200F4B77D /* PBXTargetDependency */,
			);
			name = RickyMortyTests;
			productName = RickyMortyTests;
			productReference = C36EA0182B1AC09200F4B77D /* RickyMortyTests.xctest */;
			productType = "com.apple.product-type.bundle.unit-test";
		};
		C36EA0212B1AC09200F4B77D /* RickyMortyUITests */ = {
			isa = PBXNativeTarget;
			buildConfigurationList = C36EA0322B1AC09200F4B77D /* Build configuration list for PBXNativeTarget "RickyMortyUITests" */;
			buildPhases = (
				C36EA01E2B1AC09200F4B77D /* Sources */,
				C36EA01F2B1AC09200F4B77D /* Frameworks */,
				C36EA0202B1AC09200F4B77D /* Resources */,
			);
			buildRules = (
			);
			dependencies = (
				C36EA0242B1AC09200F4B77D /* PBXTargetDependency */,
			);
			name = RickyMortyUITests;
			productName = RickyMortyUITests;
			productReference = C36EA0222B1AC09200F4B77D /* RickyMortyUITests.xctest */;
			productType = "com.apple.product-type.bundle.ui-testing";
		};
/* End PBXNativeTarget section */

/* Begin PBXProject section */
		C36E9FFA2B1AC09100F4B77D /* Project object */ = {
			isa = PBXProject;
			attributes = {
				BuildIndependentTargetsInParallel = 1;
				LastSwiftUpdateCheck = 1500;
				LastUpgradeCheck = 1500;
				TargetAttributes = {
					C36EA0012B1AC09100F4B77D = {
						CreatedOnToolsVersion = 15.0.1;
					};
					C36EA0172B1AC09200F4B77D = {
						CreatedOnToolsVersion = 15.0.1;
						TestTargetID = C36EA0012B1AC09100F4B77D;
					};
					C36EA0212B1AC09200F4B77D = {
						CreatedOnToolsVersion = 15.0.1;
						TestTargetID = C36EA0012B1AC09100F4B77D;
					};
				};
			};
			buildConfigurationList = C36E9FFD2B1AC09100F4B77D /* Build configuration list for PBXProject "RickyMorty" */;
			compatibilityVersion = "Xcode 14.0";
			developmentRegion = en;
			hasScannedForEncodings = 0;
			knownRegions = (
				en,
				Base,
			);
			mainGroup = C36E9FF92B1AC09100F4B77D;
			productRefGroup = C36EA0032B1AC09100F4B77D /* Products */;
			projectDirPath = "";
			projectRoot = "";
			targets = (
				C36EA0012B1AC09100F4B77D /* RickyMorty */,
				C36EA0172B1AC09200F4B77D /* RickyMortyTests */,
				C36EA0212B1AC09200F4B77D /* RickyMortyUITests */,
			);
		};
/* End PBXProject section */

/* Begin PBXResourcesBuildPhase section */
		C36EA0002B1AC09100F4B77D /* Resources */ = {
			isa = PBXResourcesBuildPhase;
			buildActionMask = 2147483647;
			files = (
				C36EA0122B1AC09200F4B77D /* LaunchScreen.storyboard in Resources */,
				C36EA00F2B1AC09200F4B77D /* Assets.xcassets in Resources */,
				C36EA00D2B1AC09100F4B77D /* Main.storyboard in Resources */,
			);
			runOnlyForDeploymentPostprocessing = 0;
		};
		C36EA0162B1AC09200F4B77D /* Resources */ = {
			isa = PBXResourcesBuildPhase;
			buildActionMask = 2147483647;
			files = (
			);
			runOnlyForDeploymentPostprocessing = 0;
		};
		C36EA0202B1AC09200F4B77D /* Resources */ = {
			isa = PBXResourcesBuildPhase;
			buildActionMask = 2147483647;
			files = (
			);
			runOnlyForDeploymentPostprocessing = 0;
		};
/* End PBXResourcesBuildPhase section */

/* Begin PBXSourcesBuildPhase section */
		C36E9FFE2B1AC09100F4B77D /* Sources */ = {
			isa = PBXSourcesBuildPhase;
			buildActionMask = 2147483647;
			files = (
				C36EA00A2B1AC09100F4B77D /* ViewController.swift in Sources */,
				C36EA0062B1AC09100F4B77D /* AppDelegate.swift in Sources */,
				C36EA0372B1ACC0800F4B77D /* StatusCode.swift in Sources */,
				C36EA0462B1B983D00F4B77D /* Client.swift in Sources */,
				C36EA0482B1B999D00F4B77D /* RESTClient.swift in Sources */,
				C36EA0082B1AC09100F4B77D /* SceneDelegate.swift in Sources */,
			);
			runOnlyForDeploymentPostprocessing = 0;
		};
		C36EA0142B1AC09200F4B77D /* Sources */ = {
			isa = PBXSourcesBuildPhase;
			buildActionMask = 2147483647;
			files = (
				C36EA01D2B1AC09200F4B77D /* RickyMortyTests.swift in Sources */,
			);
			runOnlyForDeploymentPostprocessing = 0;
		};
		C36EA01E2B1AC09200F4B77D /* Sources */ = {
			isa = PBXSourcesBuildPhase;
			buildActionMask = 2147483647;
			files = (
				C36EA0272B1AC09200F4B77D /* RickyMortyUITests.swift in Sources */,
				C36EA0292B1AC09200F4B77D /* RickyMortyUITestsLaunchTests.swift in Sources */,
			);
			runOnlyForDeploymentPostprocessing = 0;
		};
/* End PBXSourcesBuildPhase section */

/* Begin PBXTargetDependency section */
		C36EA01A2B1AC09200F4B77D /* PBXTargetDependency */ = {
			isa = PBXTargetDependency;
			target = C36EA0012B1AC09100F4B77D /* RickyMorty */;
			targetProxy = C36EA0192B1AC09200F4B77D /* PBXContainerItemProxy */;
		};
		C36EA0242B1AC09200F4B77D /* PBXTargetDependency */ = {
			isa = PBXTargetDependency;
			target = C36EA0012B1AC09100F4B77D /* RickyMorty */;
			targetProxy = C36EA0232B1AC09200F4B77D /* PBXContainerItemProxy */;
		};
/* End PBXTargetDependency section */

/* Begin PBXVariantGroup section */
		C36EA00B2B1AC09100F4B77D /* Main.storyboard */ = {
			isa = PBXVariantGroup;
			children = (
				C36EA00C2B1AC09100F4B77D /* Base */,
			);
			name = Main.storyboard;
			sourceTree = "<group>";
		};
		C36EA0102B1AC09200F4B77D /* LaunchScreen.storyboard */ = {
			isa = PBXVariantGroup;
			children = (
				C36EA0112B1AC09200F4B77D /* Base */,
			);
			name = LaunchScreen.storyboard;
			sourceTree = "<group>";
		};
/* End PBXVariantGroup section */

/* Begin XCBuildConfiguration section */
		C36EA02A2B1AC09200F4B77D /* Debug */ = {
			isa = XCBuildConfiguration;
			buildSettings = {
				ALWAYS_SEARCH_USER_PATHS = NO;
				ASSETCATALOG_COMPILER_GENERATE_SWIFT_ASSET_SYMBOL_EXTENSIONS = YES;
				CLANG_ANALYZER_NONNULL = YES;
				CLANG_ANALYZER_NUMBER_OBJECT_CONVERSION = YES_AGGRESSIVE;
				CLANG_CXX_LANGUAGE_STANDARD = "gnu++20";
				CLANG_ENABLE_MODULES = YES;
				CLANG_ENABLE_OBJC_ARC = YES;
				CLANG_ENABLE_OBJC_WEAK = YES;
				CLANG_WARN_BLOCK_CAPTURE_AUTORELEASING = YES;
				CLANG_WARN_BOOL_CONVERSION = YES;
				CLANG_WARN_COMMA = YES;
				CLANG_WARN_CONSTANT_CONVERSION = YES;
				CLANG_WARN_DEPRECATED_OBJC_IMPLEMENTATIONS = YES;
				CLANG_WARN_DIRECT_OBJC_ISA_USAGE = YES_ERROR;
				CLANG_WARN_DOCUMENTATION_COMMENTS = YES;
				CLANG_WARN_EMPTY_BODY = YES;
				CLANG_WARN_ENUM_CONVERSION = YES;
				CLANG_WARN_INFINITE_RECURSION = YES;
				CLANG_WARN_INT_CONVERSION = YES;
				CLANG_WARN_NON_LITERAL_NULL_CONVERSION = YES;
				CLANG_WARN_OBJC_IMPLICIT_RETAIN_SELF = YES;
				CLANG_WARN_OBJC_LITERAL_CONVERSION = YES;
				CLANG_WARN_OBJC_ROOT_CLASS = YES_ERROR;
				CLANG_WARN_QUOTED_INCLUDE_IN_FRAMEWORK_HEADER = YES;
				CLANG_WARN_RANGE_LOOP_ANALYSIS = YES;
				CLANG_WARN_STRICT_PROTOTYPES = YES;
				CLANG_WARN_SUSPICIOUS_MOVE = YES;
				CLANG_WARN_UNGUARDED_AVAILABILITY = YES_AGGRESSIVE;
				CLANG_WARN_UNREACHABLE_CODE = YES;
				CLANG_WARN__DUPLICATE_METHOD_MATCH = YES;
				COPY_PHASE_STRIP = NO;
				DEBUG_INFORMATION_FORMAT = dwarf;
				ENABLE_STRICT_OBJC_MSGSEND = YES;
				ENABLE_TESTABILITY = YES;
				ENABLE_USER_SCRIPT_SANDBOXING = YES;
				GCC_C_LANGUAGE_STANDARD = gnu17;
				GCC_DYNAMIC_NO_PIC = NO;
				GCC_NO_COMMON_BLOCKS = YES;
				GCC_OPTIMIZATION_LEVEL = 0;
				GCC_PREPROCESSOR_DEFINITIONS = (
					"DEBUG=1",
					"$(inherited)",
				);
				GCC_WARN_64_TO_32_BIT_CONVERSION = YES;
				GCC_WARN_ABOUT_RETURN_TYPE = YES_ERROR;
				GCC_WARN_UNDECLARED_SELECTOR = YES;
				GCC_WARN_UNINITIALIZED_AUTOS = YES_AGGRESSIVE;
				GCC_WARN_UNUSED_FUNCTION = YES;
				GCC_WARN_UNUSED_VARIABLE = YES;
				IPHONEOS_DEPLOYMENT_TARGET = 17.0;
				LOCALIZATION_PREFERS_STRING_CATALOGS = YES;
				MTL_ENABLE_DEBUG_INFO = INCLUDE_SOURCE;
				MTL_FAST_MATH = YES;
				ONLY_ACTIVE_ARCH = YES;
				SDKROOT = iphoneos;
				SWIFT_ACTIVE_COMPILATION_CONDITIONS = "DEBUG $(inherited)";
				SWIFT_OPTIMIZATION_LEVEL = "-Onone";
			};
			name = Debug;
		};
		C36EA02B2B1AC09200F4B77D /* Release */ = {
			isa = XCBuildConfiguration;
			buildSettings = {
				ALWAYS_SEARCH_USER_PATHS = NO;
				ASSETCATALOG_COMPILER_GENERATE_SWIFT_ASSET_SYMBOL_EXTENSIONS = YES;
				CLANG_ANALYZER_NONNULL = YES;
				CLANG_ANALYZER_NUMBER_OBJECT_CONVERSION = YES_AGGRESSIVE;
				CLANG_CXX_LANGUAGE_STANDARD = "gnu++20";
				CLANG_ENABLE_MODULES = YES;
				CLANG_ENABLE_OBJC_ARC = YES;
				CLANG_ENABLE_OBJC_WEAK = YES;
				CLANG_WARN_BLOCK_CAPTURE_AUTORELEASING = YES;
				CLANG_WARN_BOOL_CONVERSION = YES;
				CLANG_WARN_COMMA = YES;
				CLANG_WARN_CONSTANT_CONVERSION = YES;
				CLANG_WARN_DEPRECATED_OBJC_IMPLEMENTATIONS = YES;
				CLANG_WARN_DIRECT_OBJC_ISA_USAGE = YES_ERROR;
				CLANG_WARN_DOCUMENTATION_COMMENTS = YES;
				CLANG_WARN_EMPTY_BODY = YES;
				CLANG_WARN_ENUM_CONVERSION = YES;
				CLANG_WARN_INFINITE_RECURSION = YES;
				CLANG_WARN_INT_CONVERSION = YES;
				CLANG_WARN_NON_LITERAL_NULL_CONVERSION = YES;
				CLANG_WARN_OBJC_IMPLICIT_RETAIN_SELF = YES;
				CLANG_WARN_OBJC_LITERAL_CONVERSION = YES;
				CLANG_WARN_OBJC_ROOT_CLASS = YES_ERROR;
				CLANG_WARN_QUOTED_INCLUDE_IN_FRAMEWORK_HEADER = YES;
				CLANG_WARN_RANGE_LOOP_ANALYSIS = YES;
				CLANG_WARN_STRICT_PROTOTYPES = YES;
				CLANG_WARN_SUSPICIOUS_MOVE = YES;
				CLANG_WARN_UNGUARDED_AVAILABILITY = YES_AGGRESSIVE;
				CLANG_WARN_UNREACHABLE_CODE = YES;
				CLANG_WARN__DUPLICATE_METHOD_MATCH = YES;
				COPY_PHASE_STRIP = NO;
				DEBUG_INFORMATION_FORMAT = "dwarf-with-dsym";
				ENABLE_NS_ASSERTIONS = NO;
				ENABLE_STRICT_OBJC_MSGSEND = YES;
				ENABLE_USER_SCRIPT_SANDBOXING = YES;
				GCC_C_LANGUAGE_STANDARD = gnu17;
				GCC_NO_COMMON_BLOCKS = YES;
				GCC_WARN_64_TO_32_BIT_CONVERSION = YES;
				GCC_WARN_ABOUT_RETURN_TYPE = YES_ERROR;
				GCC_WARN_UNDECLARED_SELECTOR = YES;
				GCC_WARN_UNINITIALIZED_AUTOS = YES_AGGRESSIVE;
				GCC_WARN_UNUSED_FUNCTION = YES;
				GCC_WARN_UNUSED_VARIABLE = YES;
				IPHONEOS_DEPLOYMENT_TARGET = 17.0;
				LOCALIZATION_PREFERS_STRING_CATALOGS = YES;
				MTL_ENABLE_DEBUG_INFO = NO;
				MTL_FAST_MATH = YES;
				SDKROOT = iphoneos;
				SWIFT_COMPILATION_MODE = wholemodule;
				VALIDATE_PRODUCT = YES;
			};
			name = Release;
		};
		C36EA02D2B1AC09200F4B77D /* Debug */ = {
			isa = XCBuildConfiguration;
			buildSettings = {
				ASSETCATALOG_COMPILER_APPICON_NAME = AppIcon;
				ASSETCATALOG_COMPILER_GLOBAL_ACCENT_COLOR_NAME = AccentColor;
				CODE_SIGN_STYLE = Automatic;
				CURRENT_PROJECT_VERSION = 1;
				GENERATE_INFOPLIST_FILE = YES;
				INFOPLIST_FILE = RickyMorty/Info.plist;
				INFOPLIST_KEY_UIApplicationSupportsIndirectInputEvents = YES;
				INFOPLIST_KEY_UILaunchStoryboardName = LaunchScreen;
				INFOPLIST_KEY_UIMainStoryboardFile = Main;
				INFOPLIST_KEY_UISupportedInterfaceOrientations_iPad = "UIInterfaceOrientationPortrait UIInterfaceOrientationPortraitUpsideDown UIInterfaceOrientationLandscapeLeft UIInterfaceOrientationLandscapeRight";
				INFOPLIST_KEY_UISupportedInterfaceOrientations_iPhone = "UIInterfaceOrientationPortrait UIInterfaceOrientationLandscapeLeft UIInterfaceOrientationLandscapeRight";
				LD_RUNPATH_SEARCH_PATHS = (
					"$(inherited)",
					"@executable_path/Frameworks",
				);
				MARKETING_VERSION = 1.0;
				PRODUCT_BUNDLE_IDENTIFIER = com.romansantiago.RickyMorty;
				PRODUCT_NAME = "$(TARGET_NAME)";
				SWIFT_EMIT_LOC_STRINGS = YES;
				SWIFT_VERSION = 5.0;
				TARGETED_DEVICE_FAMILY = "1,2";
			};
			name = Debug;
		};
		C36EA02E2B1AC09200F4B77D /* Release */ = {
			isa = XCBuildConfiguration;
			buildSettings = {
				ASSETCATALOG_COMPILER_APPICON_NAME = AppIcon;
				ASSETCATALOG_COMPILER_GLOBAL_ACCENT_COLOR_NAME = AccentColor;
				CODE_SIGN_STYLE = Automatic;
				CURRENT_PROJECT_VERSION = 1;
				GENERATE_INFOPLIST_FILE = YES;
				INFOPLIST_FILE = RickyMorty/Info.plist;
				INFOPLIST_KEY_UIApplicationSupportsIndirectInputEvents = YES;
				INFOPLIST_KEY_UILaunchStoryboardName = LaunchScreen;
				INFOPLIST_KEY_UIMainStoryboardFile = Main;
				INFOPLIST_KEY_UISupportedInterfaceOrientations_iPad = "UIInterfaceOrientationPortrait UIInterfaceOrientationPortraitUpsideDown UIInterfaceOrientationLandscapeLeft UIInterfaceOrientationLandscapeRight";
				INFOPLIST_KEY_UISupportedInterfaceOrientations_iPhone = "UIInterfaceOrientationPortrait UIInterfaceOrientationLandscapeLeft UIInterfaceOrientationLandscapeRight";
				LD_RUNPATH_SEARCH_PATHS = (
					"$(inherited)",
					"@executable_path/Frameworks",
				);
				MARKETING_VERSION = 1.0;
				PRODUCT_BUNDLE_IDENTIFIER = com.romansantiago.RickyMorty;
				PRODUCT_NAME = "$(TARGET_NAME)";
				SWIFT_EMIT_LOC_STRINGS = YES;
				SWIFT_VERSION = 5.0;
				TARGETED_DEVICE_FAMILY = "1,2";
			};
			name = Release;
		};
		C36EA0302B1AC09200F4B77D /* Debug */ = {
			isa = XCBuildConfiguration;
			buildSettings = {
				ALWAYS_EMBED_SWIFT_STANDARD_LIBRARIES = YES;
				BUNDLE_LOADER = "$(TEST_HOST)";
				CODE_SIGN_STYLE = Automatic;
				CURRENT_PROJECT_VERSION = 1;
				GENERATE_INFOPLIST_FILE = YES;
				IPHONEOS_DEPLOYMENT_TARGET = 17.0;
				MARKETING_VERSION = 1.0;
				PRODUCT_BUNDLE_IDENTIFIER = com.romansantiago.RickyMortyTests;
				PRODUCT_NAME = "$(TARGET_NAME)";
				SWIFT_EMIT_LOC_STRINGS = NO;
				SWIFT_VERSION = 5.0;
				TARGETED_DEVICE_FAMILY = "1,2";
				TEST_HOST = "$(BUILT_PRODUCTS_DIR)/RickyMorty.app/$(BUNDLE_EXECUTABLE_FOLDER_PATH)/RickyMorty";
			};
			name = Debug;
		};
		C36EA0312B1AC09200F4B77D /* Release */ = {
			isa = XCBuildConfiguration;
			buildSettings = {
				ALWAYS_EMBED_SWIFT_STANDARD_LIBRARIES = YES;
				BUNDLE_LOADER = "$(TEST_HOST)";
				CODE_SIGN_STYLE = Automatic;
				CURRENT_PROJECT_VERSION = 1;
				GENERATE_INFOPLIST_FILE = YES;
				IPHONEOS_DEPLOYMENT_TARGET = 17.0;
				MARKETING_VERSION = 1.0;
				PRODUCT_BUNDLE_IDENTIFIER = com.romansantiago.RickyMortyTests;
				PRODUCT_NAME = "$(TARGET_NAME)";
				SWIFT_EMIT_LOC_STRINGS = NO;
				SWIFT_VERSION = 5.0;
				TARGETED_DEVICE_FAMILY = "1,2";
				TEST_HOST = "$(BUILT_PRODUCTS_DIR)/RickyMorty.app/$(BUNDLE_EXECUTABLE_FOLDER_PATH)/RickyMorty";
			};
			name = Release;
		};
		C36EA0332B1AC09200F4B77D /* Debug */ = {
			isa = XCBuildConfiguration;
			buildSettings = {
				ALWAYS_EMBED_SWIFT_STANDARD_LIBRARIES = YES;
				CODE_SIGN_STYLE = Automatic;
				CURRENT_PROJECT_VERSION = 1;
				GENERATE_INFOPLIST_FILE = YES;
				MARKETING_VERSION = 1.0;
				PRODUCT_BUNDLE_IDENTIFIER = com.romansantiago.RickyMortyUITests;
				PRODUCT_NAME = "$(TARGET_NAME)";
				SWIFT_EMIT_LOC_STRINGS = NO;
				SWIFT_VERSION = 5.0;
				TARGETED_DEVICE_FAMILY = "1,2";
				TEST_TARGET_NAME = RickyMorty;
			};
			name = Debug;
		};
		C36EA0342B1AC09200F4B77D /* Release */ = {
			isa = XCBuildConfiguration;
			buildSettings = {
				ALWAYS_EMBED_SWIFT_STANDARD_LIBRARIES = YES;
				CODE_SIGN_STYLE = Automatic;
				CURRENT_PROJECT_VERSION = 1;
				GENERATE_INFOPLIST_FILE = YES;
				MARKETING_VERSION = 1.0;
				PRODUCT_BUNDLE_IDENTIFIER = com.romansantiago.RickyMortyUITests;
				PRODUCT_NAME = "$(TARGET_NAME)";
				SWIFT_EMIT_LOC_STRINGS = NO;
				SWIFT_VERSION = 5.0;
				TARGETED_DEVICE_FAMILY = "1,2";
				TEST_TARGET_NAME = RickyMorty;
			};
			name = Release;
		};
/* End XCBuildConfiguration section */

/* Begin XCConfigurationList section */
		C36E9FFD2B1AC09100F4B77D /* Build configuration list for PBXProject "RickyMorty" */ = {
			isa = XCConfigurationList;
			buildConfigurations = (
				C36EA02A2B1AC09200F4B77D /* Debug */,
				C36EA02B2B1AC09200F4B77D /* Release */,
			);
			defaultConfigurationIsVisible = 0;
			defaultConfigurationName = Release;
		};
		C36EA02C2B1AC09200F4B77D /* Build configuration list for PBXNativeTarget "RickyMorty" */ = {
			isa = XCConfigurationList;
			buildConfigurations = (
				C36EA02D2B1AC09200F4B77D /* Debug */,
				C36EA02E2B1AC09200F4B77D /* Release */,
			);
			defaultConfigurationIsVisible = 0;
			defaultConfigurationName = Release;
		};
		C36EA02F2B1AC09200F4B77D /* Build configuration list for PBXNativeTarget "RickyMortyTests" */ = {
			isa = XCConfigurationList;
			buildConfigurations = (
				C36EA0302B1AC09200F4B77D /* Debug */,
				C36EA0312B1AC09200F4B77D /* Release */,
			);
			defaultConfigurationIsVisible = 0;
			defaultConfigurationName = Release;
		};
		C36EA0322B1AC09200F4B77D /* Build configuration list for PBXNativeTarget "RickyMortyUITests" */ = {
			isa = XCConfigurationList;
			buildConfigurations = (
				C36EA0332B1AC09200F4B77D /* Debug */,
				C36EA0342B1AC09200F4B77D /* Release */,
			);
			defaultConfigurationIsVisible = 0;
			defaultConfigurationName = Release;
		};
/* End XCConfigurationList section */
	};
	rootObject = C36E9FFA2B1AC09100F4B77D /* Project object */;
}
